
Microsoft Visual Studio Solution File, Format Version 12.00
# Visual Studio 15
VisualStudioVersion = 15.0.28307.168
MinimumVisualStudioVersion = 10.0.40219.1
Project("{9A19103F-16F7-4668-BE54-9A1E7A4F7556}") = "FoodLog.Api", "FoodLog.Api\FoodLog.Api.csproj", "{7AF00792-E136-45CF-BEE2-4F2BB9DE2837}"
EndProject
Project("{9A19103F-16F7-4668-BE54-9A1E7A4F7556}") = "FoodLog.DTOs", "FoodLog.DTOs\FoodLog.DTOs.csproj", "{4081858E-BF5A-4F0F-9946-875EF2289C65}"
EndProject
Global
	GlobalSection(SolutionConfigurationPlatforms) = preSolution
		Debug|Any CPU = Debug|Any CPU
		Debug|ARM = Debug|ARM
		Debug|iPhone = Debug|iPhone
		Debug|iPhoneSimulator = Debug|iPhoneSimulator
		Debug|x64 = Debug|x64
		Debug|x86 = Debug|x86
		Release|Any CPU = Release|Any CPU
		Release|ARM = Release|ARM
		Release|iPhone = Release|iPhone
		Release|iPhoneSimulator = Release|iPhoneSimulator
		Release|x64 = Release|x64
		Release|x86 = Release|x86
	EndGlobalSection
	GlobalSection(ProjectConfigurationPlatforms) = postSolution
		{7AF00792-E136-45CF-BEE2-4F2BB9DE2837}.Debug|Any CPU.ActiveCfg = Debug|Any CPU
		{7AF00792-E136-45CF-BEE2-4F2BB9DE2837}.Debug|Any CPU.Build.0 = Debug|Any CPU
		{7AF00792-E136-45CF-BEE2-4F2BB9DE2837}.Debug|ARM.ActiveCfg = Debug|Any CPU
		{7AF00792-E136-45CF-BEE2-4F2BB9DE2837}.Debug|ARM.Build.0 = Debug|Any CPU
		{7AF00792-E136-45CF-BEE2-4F2BB9DE2837}.Debug|iPhone.ActiveCfg = Debug|Any CPU
		{7AF00792-E136-45CF-BEE2-4F2BB9DE2837}.Debug|iPhone.Build.0 = Debug|Any CPU
		{7AF00792-E136-45CF-BEE2-4F2BB9DE2837}.Debug|iPhoneSimulator.ActiveCfg = Debug|Any CPU
		{7AF00792-E136-45CF-BEE2-4F2BB9DE2837}.Debug|iPhoneSimulator.Build.0 = Debug|Any CPU
		{7AF00792-E136-45CF-BEE2-4F2BB9DE2837}.Debug|x64.ActiveCfg = Debug|Any CPU
		{7AF00792-E136-45CF-BEE2-4F2BB9DE2837}.Debug|x64.Build.0 = Debug|Any CPU
		{7AF00792-E136-45CF-BEE2-4F2BB9DE2837}.Debug|x86.ActiveCfg = Debug|Any CPU
		{7AF00792-E136-45CF-BEE2-4F2BB9DE2837}.Debug|x86.Build.0 = Debug|Any CPU
		{7AF00792-E136-45CF-BEE2-4F2BB9DE2837}.Release|Any CPU.ActiveCfg = Release|Any CPU
		{7AF00792-E136-45CF-BEE2-4F2BB9DE2837}.Release|Any CPU.Build.0 = Release|Any CPU
		{7AF00792-E136-45CF-BEE2-4F2BB9DE2837}.Release|ARM.ActiveCfg = Release|Any CPU
		{7AF00792-E136-45CF-BEE2-4F2BB9DE2837}.Release|ARM.Build.0 = Release|Any CPU
		{7AF00792-E136-45CF-BEE2-4F2BB9DE2837}.Release|iPhone.ActiveCfg = Release|Any CPU
		{7AF00792-E136-45CF-BEE2-4F2BB9DE2837}.Release|iPhone.Build.0 = Release|Any CPU
		{7AF00792-E136-45CF-BEE2-4F2BB9DE2837}.Release|iPhoneSimulator.ActiveCfg = Release|Any CPU
		{7AF00792-E136-45CF-BEE2-4F2BB9DE2837}.Release|iPhoneSimulator.Build.0 = Release|Any CPU
		{7AF00792-E136-45CF-BEE2-4F2BB9DE2837}.Release|x64.ActiveCfg = Release|Any CPU
		{7AF00792-E136-45CF-BEE2-4F2BB9DE2837}.Release|x64.Build.0 = Release|Any CPU
		{7AF00792-E136-45CF-BEE2-4F2BB9DE2837}.Release|x86.ActiveCfg = Release|Any CPU
		{7AF00792-E136-45CF-BEE2-4F2BB9DE2837}.Release|x86.Build.0 = Release|Any CPU
		{4081858E-BF5A-4F0F-9946-875EF2289C65}.Debug|Any CPU.ActiveCfg = Debug|Any CPU
		{4081858E-BF5A-4F0F-9946-875EF2289C65}.Debug|Any CPU.Build.0 = Debug|Any CPU
		{4081858E-BF5A-4F0F-9946-875EF2289C65}.Debug|ARM.ActiveCfg = Debug|Any CPU
		{4081858E-BF5A-4F0F-9946-875EF2289C65}.Debug|ARM.Build.0 = Debug|Any CPU
		{4081858E-BF5A-4F0F-9946-875EF2289C65}.Debug|iPhone.ActiveCfg = Debug|Any CPU
		{4081858E-BF5A-4F0F-9946-875EF2289C65}.Debug|iPhone.Build.0 = Debug|Any CPU
		{4081858E-BF5A-4F0F-9946-875EF2289C65}.Debug|iPhoneSimulator.ActiveCfg = Debug|Any CPU
		{4081858E-BF5A-4F0F-9946-875EF2289C65}.Debug|iPhoneSimulator.Build.0 = Debug|Any CPU
		{4081858E-BF5A-4F0F-9946-875EF2289C65}.Debug|x64.ActiveCfg = Debug|Any CPU
		{4081858E-BF5A-4F0F-9946-875EF2289C65}.Debug|x64.Build.0 = Debug|Any CPU
		{4081858E-BF5A-4F0F-9946-875EF2289C65}.Debug|x86.ActiveCfg = Debug|Any CPU
		{4081858E-BF5A-4F0F-9946-875EF2289C65}.Debug|x86.Build.0 = Debug|Any CPU
		{4081858E-BF5A-4F0F-9946-875EF2289C65}.Release|Any CPU.ActiveCfg = Release|Any CPU
		{4081858E-BF5A-4F0F-9946-875EF2289C65}.Release|Any CPU.Build.0 = Release|Any CPU
		{4081858E-BF5A-4F0F-9946-875EF2289C65}.Release|ARM.ActiveCfg = Release|Any CPU
		{4081858E-BF5A-4F0F-9946-875EF2289C65}.Release|ARM.Build.0 = Release|Any CPU
		{4081858E-BF5A-4F0F-9946-875EF2289C65}.Release|iPhone.ActiveCfg = Release|Any CPU
		{4081858E-BF5A-4F0F-9946-875EF2289C65}.Release|iPhone.Build.0 = Release|Any CPU
		{4081858E-BF5A-4F0F-9946-875EF2289C65}.Release|iPhoneSimulator.ActiveCfg = Release|Any CPU
		{4081858E-BF5A-4F0F-9946-875EF2289C65}.Release|iPhoneSimulator.Build.0 = Release|Any CPU
		{4081858E-BF5A-4F0F-9946-875EF2289C65}.Release|x64.ActiveCfg = Release|Any CPU
		{4081858E-BF5A-4F0F-9946-875EF2289C65}.Release|x64.Build.0 = Release|Any CPU
		{4081858E-BF5A-4F0F-9946-875EF2289C65}.Release|x86.ActiveCfg = Release|Any CPU
		{4081858E-BF5A-4F0F-9946-875EF2289C65}.Release|x86.Build.0 = Release|Any CPU
	EndGlobalSection
	GlobalSection(SolutionProperties) = preSolution
		HideSolutionNode = FALSE
	EndGlobalSection
	GlobalSection(ExtensibilityGlobals) = postSolution
		SolutionGuid = {BD29F00D-02CB-4600-B7F0-5A409CBFDB43}
	EndGlobalSection
EndGlobal
